
Microsoft Visual Studio Solution File, Format Version 12.00
# Visual Studio Version 17
VisualStudioVersion = 17.10.35013.160
MinimumVisualStudioVersion = 10.0.40219.1
Project("{FAE04EC0-301F-11D3-BF4B-00C04F79EFBC}") = "WinFormsApp", "WinFormsApp\WinFormsApp.csproj", "{B158FEB5-FEF0-4718-BCA8-0368D594FB03}"
EndProject
Project("{FAE04EC0-301F-11D3-BF4B-00C04F79EFBC}") = "Implepentation", "Implepentation\Implepentation.csproj", "{EDD470E3-D259-46A6-8BAC-85F170C794DD}"
EndProject
Global
	GlobalSection(SolutionConfigurationPlatforms) = preSolution
		Debug|Any CPU = Debug|Any CPU
		Release|Any CPU = Release|Any CPU
	EndGlobalSection
	GlobalSection(ProjectConfigurationPlatforms) = postSolution
		{B158FEB5-FEF0-4718-BCA8-0368D594FB03}.Debug|Any CPU.ActiveCfg = Debug|Any CPU
		{B158FEB5-FEF0-4718-BCA8-0368D594FB03}.Debug|Any CPU.Build.0 = Debug|Any CPU
		{B158FEB5-FEF0-4718-BCA8-0368D594FB03}.Release|Any CPU.ActiveCfg = Release|Any CPU
		{B158FEB5-FEF0-4718-BCA8-0368D594FB03}.Release|Any CPU.Build.0 = Release|Any CPU
		{EDD470E3-D259-46A6-8BAC-85F170C794DD}.Debug|Any CPU.ActiveCfg = Debug|Any CPU
		{EDD470E3-D259-46A6-8BAC-85F170C794DD}.Debug|Any CPU.Build.0 = Debug|Any CPU
		{EDD470E3-D259-46A6-8BAC-85F170C794DD}.Release|Any CPU.ActiveCfg = Release|Any CPU
		{EDD470E3-D259-46A6-8BAC-85F170C794DD}.Release|Any CPU.Build.0 = Release|Any CPU
	EndGlobalSection
	GlobalSection(SolutionProperties) = preSolution
		HideSolutionNode = FALSE
	EndGlobalSection
	GlobalSection(ExtensibilityGlobals) = postSolution
		SolutionGuid = {B2A1B962-7202-4367-863F-FBA4F16F35C0}
	EndGlobalSection
EndGlobal
