
Microsoft Visual Studio Solution File, Format Version 12.00
# Visual Studio Version 17
VisualStudioVersion = 17.10.35013.160
MinimumVisualStudioVersion = 10.0.40219.1
Project("{9A19103F-16F7-4668-BE54-9A1E7A4F7556}") = "WinFormsApp", "WinFormsApp\WinFormsApp.csproj", "{B158FEB5-FEF0-4718-BCA8-0368D594FB03}"
EndProject
Project("{9A19103F-16F7-4668-BE54-9A1E7A4F7556}") = "Implementation.Tests", "Implementation.Tests\Implementation.Tests.csproj", "{6DC614B4-4753-4E86-AFDC-E4023B78D9B8}"
EndProject
Project("{FAE04EC0-301F-11D3-BF4B-00C04F79EFBC}") = "Implementation", "Implementation\Implementation.csproj", "{7C1FDD74-8C8B-48EB-BAD6-0A4F3D563F81}"
EndProject
Global
	GlobalSection(SolutionConfigurationPlatforms) = preSolution
		Debug|Any CPU = Debug|Any CPU
		Release|Any CPU = Release|Any CPU
	EndGlobalSection
	GlobalSection(ProjectConfigurationPlatforms) = postSolution
		{B158FEB5-FEF0-4718-BCA8-0368D594FB03}.Debug|Any CPU.ActiveCfg = Debug|Any CPU
		{B158FEB5-FEF0-4718-BCA8-0368D594FB03}.Debug|Any CPU.Build.0 = Debug|Any CPU
		{B158FEB5-FEF0-4718-BCA8-0368D594FB03}.Release|Any CPU.ActiveCfg = Release|Any CPU
		{B158FEB5-FEF0-4718-BCA8-0368D594FB03}.Release|Any CPU.Build.0 = Release|Any CPU
		{6DC614B4-4753-4E86-AFDC-E4023B78D9B8}.Debug|Any CPU.ActiveCfg = Debug|Any CPU
		{6DC614B4-4753-4E86-AFDC-E4023B78D9B8}.Debug|Any CPU.Build.0 = Debug|Any CPU
		{6DC614B4-4753-4E86-AFDC-E4023B78D9B8}.Release|Any CPU.ActiveCfg = Release|Any CPU
		{6DC614B4-4753-4E86-AFDC-E4023B78D9B8}.Release|Any CPU.Build.0 = Release|Any CPU
		{7C1FDD74-8C8B-48EB-BAD6-0A4F3D563F81}.Debug|Any CPU.ActiveCfg = Debug|Any CPU
		{7C1FDD74-8C8B-48EB-BAD6-0A4F3D563F81}.Debug|Any CPU.Build.0 = Debug|Any CPU
		{7C1FDD74-8C8B-48EB-BAD6-0A4F3D563F81}.Release|Any CPU.ActiveCfg = Release|Any CPU
		{7C1FDD74-8C8B-48EB-BAD6-0A4F3D563F81}.Release|Any CPU.Build.0 = Release|Any CPU
	EndGlobalSection
	GlobalSection(SolutionProperties) = preSolution
		HideSolutionNode = FALSE
	EndGlobalSection
	GlobalSection(ExtensibilityGlobals) = postSolution
		SolutionGuid = {B2A1B962-7202-4367-863F-FBA4F16F35C0}
	EndGlobalSection
EndGlobal
